<?xml version="1.0" encoding="utf-8"?>
<Project ToolsVersion="4.0" xmlns="http://schemas.microsoft.com/developer/msbuild/2003">
  <ItemGroup>
    <Filter Include="Math">
      <UniqueIdentifier>{4FC737F1-C7A5-4376-A066-2A32D752A2FF}</UniqueIdentifier>
      <Extensions>cpp;c;cc;cxx;def;odl;idl;hpj;bat;asm;asmx</Extensions>
    </Filter>
    <Filter Include="Renderer">
      <UniqueIdentifier>{ddb17eba-e15e-4597-8bf6-064b16b159d3}</UniqueIdentifier>
    </Filter>
    <Filter Include="Helpers">
      <UniqueIdentifier>{72056cb6-72a2-42b7-b05e-376f1ddd957e}</UniqueIdentifier>
    </Filter>
    <Filter Include="Managers">
      <UniqueIdentifier>{eb323584-55b7-4214-9a7f-50395aa0ec38}</UniqueIdentifier>
    </Filter>
    <Filter Include="Materials">
      <UniqueIdentifier>{dba170c1-d75c-4594-9599-8825a4bd4313}</UniqueIdentifier>
    </Filter>
    <Filter Include="Objects">
      <UniqueIdentifier>{c5705fdc-0717-460d-997b-481725f3ef65}</UniqueIdentifier>
    </Filter>
  </ItemGroup>
  <ItemGroup>
    <ClCompile Include="Geometry\Mesh.cpp">
      <Filter>Math</Filter>
    </ClCompile>
    <ClCompile Include="Helpers\Timer.cpp">
      <Filter>Math</Filter>
    </ClCompile>
    <ClCompile Include="Materials\MaterialManager.cpp">
      <Filter>Math</Filter>
    </ClCompile>
    <ClCompile Include="Materials\Texture.cpp">
      <Filter>Math</Filter>
    </ClCompile>
    <ClCompile Include="Rendering\Camera.cpp">
      <Filter>Math</Filter>
    </ClCompile>
    <ClCompile Include="Rendering\Renderer.cpp">
      <Filter>Math</Filter>
    </ClCompile>
    <ClCompile Include="Scene\SceneGraph.cpp">
      <Filter>Math</Filter>
    </ClCompile>
    <ClCompile Include="main.cpp">
      <Filter>Math</Filter>
    </ClCompile>
    <ClCompile Include="pch.cpp">
      <Filter>Math</Filter>
    </ClCompile>
  </ItemGroup>
  <ItemGroup>
    <ClInclude Include="Geometry\Mesh.hpp" />
    <ClInclude Include="Helpers\EMath.h" />
    <ClInclude Include="Helpers\EMathUtilities.h" />
    <ClInclude Include="Helpers\EMatrix.h" />
    <ClInclude Include="Helpers\EMatrix2.h" />
    <ClInclude Include="Helpers\EMatrix3.h" />
    <ClInclude Include="Helpers\EMatrix4.h" />
    <ClInclude Include="Helpers\EPoint.h" />
    <ClInclude Include="Helpers\EPoint2.h" />
    <ClInclude Include="Helpers\EPoint3.h" />
    <ClInclude Include="Helpers\EPoint4.h" />
    <ClInclude Include="Helpers\EVector.h" />
    <ClInclude Include="Helpers\EVector2.h" />
    <ClInclude Include="Helpers\EVector3.h" />
    <ClInclude Include="Helpers\EVector4.h" />
    <ClInclude Include="Helpers\MeshParser.hpp" />
    <ClInclude Include="Helpers\RGBColor.hpp" />
    <ClInclude Include="Helpers\Timer.hpp" />
    <ClInclude Include="Helpers\Vertex.hpp" />
    <ClInclude Include="Materials\BRDF.hpp" />
    <ClInclude Include="Materials\Material.hpp" />
    <ClInclude Include="Materials\MaterialFlat.hpp" />
    <ClInclude Include="Materials\MaterialManager.hpp" />
    <ClInclude Include="Materials\MaterialMapped.hpp" />
    <ClInclude Include="Materials\Texture.hpp" />
    <ClInclude Include="Rendering\Camera.hpp" />
    <ClInclude Include="Rendering\Renderer.hpp" />
    <ClInclude Include="Scene\SceneGraph.hpp" />
    <ClInclude Include="pch.h" />
    <ClInclude Include="Helpers\GeneralHelpers.hpp" />
  </ItemGroup>
</Project>